
Microsoft Visual Studio Solution File, Format Version 12.00
# Visual Studio Version 16
VisualStudioVersion = 16.0.29009.5
MinimumVisualStudioVersion = 10.0.40219.1
Project("{FAE04EC0-301F-11D3-BF4B-00C04F79EFBC}") = "LearningSystem.Web", "LearningSystem.Web\LearningSystem.Web.csproj", "{75AEA4F4-5E83-43EA-9CDC-CB964B27E7FD}"
EndProject
Project("{FAE04EC0-301F-11D3-BF4B-00C04F79EFBC}") = "LearningSystem.Data", "LearningSystem.Data\LearningSystem.Data.csproj", "{17D900ED-81EE-4DA8-84F0-9520B64B5875}"
EndProject
Project("{FAE04EC0-301F-11D3-BF4B-00C04F79EFBC}") = "LearningSystem.Services", "LearningSystem.Services\LearningSystem.Services.csproj", "{BAB20E7B-F82C-4FF8-8B99-A5E824BD5E3B}"
EndProject
Project("{FAE04EC0-301F-11D3-BF4B-00C04F79EFBC}") = "LearningSystem.Common", "LearningSystem.Common\LearningSystem.Common.csproj", "{99BB4963-238A-42C8-B6E8-3DFA0E70BC53}"
EndProject
Global
	GlobalSection(SolutionConfigurationPlatforms) = preSolution
		Debug|Any CPU = Debug|Any CPU
		Release|Any CPU = Release|Any CPU
	EndGlobalSection
	GlobalSection(ProjectConfigurationPlatforms) = postSolution
		{75AEA4F4-5E83-43EA-9CDC-CB964B27E7FD}.Debug|Any CPU.ActiveCfg = Debug|Any CPU
		{75AEA4F4-5E83-43EA-9CDC-CB964B27E7FD}.Debug|Any CPU.Build.0 = Debug|Any CPU
		{75AEA4F4-5E83-43EA-9CDC-CB964B27E7FD}.Release|Any CPU.ActiveCfg = Release|Any CPU
		{75AEA4F4-5E83-43EA-9CDC-CB964B27E7FD}.Release|Any CPU.Build.0 = Release|Any CPU
		{17D900ED-81EE-4DA8-84F0-9520B64B5875}.Debug|Any CPU.ActiveCfg = Debug|Any CPU
		{17D900ED-81EE-4DA8-84F0-9520B64B5875}.Debug|Any CPU.Build.0 = Debug|Any CPU
		{17D900ED-81EE-4DA8-84F0-9520B64B5875}.Release|Any CPU.ActiveCfg = Release|Any CPU
		{17D900ED-81EE-4DA8-84F0-9520B64B5875}.Release|Any CPU.Build.0 = Release|Any CPU
		{BAB20E7B-F82C-4FF8-8B99-A5E824BD5E3B}.Debug|Any CPU.ActiveCfg = Debug|Any CPU
		{BAB20E7B-F82C-4FF8-8B99-A5E824BD5E3B}.Debug|Any CPU.Build.0 = Debug|Any CPU
		{BAB20E7B-F82C-4FF8-8B99-A5E824BD5E3B}.Release|Any CPU.ActiveCfg = Release|Any CPU
		{BAB20E7B-F82C-4FF8-8B99-A5E824BD5E3B}.Release|Any CPU.Build.0 = Release|Any CPU
		{99BB4963-238A-42C8-B6E8-3DFA0E70BC53}.Debug|Any CPU.ActiveCfg = Debug|Any CPU
		{99BB4963-238A-42C8-B6E8-3DFA0E70BC53}.Debug|Any CPU.Build.0 = Debug|Any CPU
		{99BB4963-238A-42C8-B6E8-3DFA0E70BC53}.Release|Any CPU.ActiveCfg = Release|Any CPU
		{99BB4963-238A-42C8-B6E8-3DFA0E70BC53}.Release|Any CPU.Build.0 = Release|Any CPU
	EndGlobalSection
	GlobalSection(SolutionProperties) = preSolution
		HideSolutionNode = FALSE
	EndGlobalSection
	GlobalSection(ExtensibilityGlobals) = postSolution
		SolutionGuid = {589CD544-55CC-4B15-A748-193FCDF6AE6C}
	EndGlobalSection
EndGlobal
