
Microsoft Visual Studio Solution File, Format Version 12.00
# Visual Studio Version 16
VisualStudioVersion = 16.0.29009.5
MinimumVisualStudioVersion = 10.0.40219.1
Project("{9A19103F-16F7-4668-BE54-9A1E7A4F7556}") = "University.Web", "University.Web\University.Web.csproj", "{62652DCB-5D38-446A-83D7-3FB7F3F2B605}"
EndProject
Project("{9A19103F-16F7-4668-BE54-9A1E7A4F7556}") = "University.Tests", "University.Tests\University.Tests.csproj", "{48E3AADB-0DFF-45ED-B198-90E35FDB4C0C}"
EndProject
Project("{9A19103F-16F7-4668-BE54-9A1E7A4F7556}") = "University.Services", "University.Services\University.Services.csproj", "{0BC54BE6-DC0B-4152-A348-68963F41DD8F}"
EndProject
Project("{9A19103F-16F7-4668-BE54-9A1E7A4F7556}") = "University.Data", "University.Data\University.Data.csproj", "{1D3C6801-9C6B-4DF2-9443-8BCB88EA74D7}"
EndProject
Project("{9A19103F-16F7-4668-BE54-9A1E7A4F7556}") = "University.Common", "University.Common\University.Common.csproj", "{85BC24D4-3A33-4BAE-BA10-C0F36DF8815C}"
EndProject
Global
	GlobalSection(SolutionConfigurationPlatforms) = preSolution
		Debug|Any CPU = Debug|Any CPU
		Release|Any CPU = Release|Any CPU
	EndGlobalSection
	GlobalSection(ProjectConfigurationPlatforms) = postSolution
		{62652DCB-5D38-446A-83D7-3FB7F3F2B605}.Debug|Any CPU.ActiveCfg = Debug|Any CPU
		{62652DCB-5D38-446A-83D7-3FB7F3F2B605}.Debug|Any CPU.Build.0 = Debug|Any CPU
		{62652DCB-5D38-446A-83D7-3FB7F3F2B605}.Release|Any CPU.ActiveCfg = Release|Any CPU
		{62652DCB-5D38-446A-83D7-3FB7F3F2B605}.Release|Any CPU.Build.0 = Release|Any CPU
		{48E3AADB-0DFF-45ED-B198-90E35FDB4C0C}.Debug|Any CPU.ActiveCfg = Debug|Any CPU
		{48E3AADB-0DFF-45ED-B198-90E35FDB4C0C}.Debug|Any CPU.Build.0 = Debug|Any CPU
		{48E3AADB-0DFF-45ED-B198-90E35FDB4C0C}.Release|Any CPU.ActiveCfg = Release|Any CPU
		{48E3AADB-0DFF-45ED-B198-90E35FDB4C0C}.Release|Any CPU.Build.0 = Release|Any CPU
		{0BC54BE6-DC0B-4152-A348-68963F41DD8F}.Debug|Any CPU.ActiveCfg = Debug|Any CPU
		{0BC54BE6-DC0B-4152-A348-68963F41DD8F}.Debug|Any CPU.Build.0 = Debug|Any CPU
		{0BC54BE6-DC0B-4152-A348-68963F41DD8F}.Release|Any CPU.ActiveCfg = Release|Any CPU
		{0BC54BE6-DC0B-4152-A348-68963F41DD8F}.Release|Any CPU.Build.0 = Release|Any CPU
		{1D3C6801-9C6B-4DF2-9443-8BCB88EA74D7}.Debug|Any CPU.ActiveCfg = Debug|Any CPU
		{1D3C6801-9C6B-4DF2-9443-8BCB88EA74D7}.Debug|Any CPU.Build.0 = Debug|Any CPU
		{1D3C6801-9C6B-4DF2-9443-8BCB88EA74D7}.Release|Any CPU.ActiveCfg = Release|Any CPU
		{1D3C6801-9C6B-4DF2-9443-8BCB88EA74D7}.Release|Any CPU.Build.0 = Release|Any CPU
		{85BC24D4-3A33-4BAE-BA10-C0F36DF8815C}.Debug|Any CPU.ActiveCfg = Debug|Any CPU
		{85BC24D4-3A33-4BAE-BA10-C0F36DF8815C}.Debug|Any CPU.Build.0 = Debug|Any CPU
		{85BC24D4-3A33-4BAE-BA10-C0F36DF8815C}.Release|Any CPU.ActiveCfg = Release|Any CPU
		{85BC24D4-3A33-4BAE-BA10-C0F36DF8815C}.Release|Any CPU.Build.0 = Release|Any CPU
	EndGlobalSection
	GlobalSection(SolutionProperties) = preSolution
		HideSolutionNode = FALSE
	EndGlobalSection
	GlobalSection(ExtensibilityGlobals) = postSolution
		SolutionGuid = {589CD544-55CC-4B15-A748-193FCDF6AE6C}
	EndGlobalSection
EndGlobal
